
Microsoft Visual Studio Solution File, Format Version 12.00
# Visual Studio Version 17
VisualStudioVersion = 17.3.32922.545
MinimumVisualStudioVersion = 10.0.40219.1
Project("{8BC9CEB8-8B4A-11D0-8D11-00A0C91BC942}") = "ChaosEngine_C++", "ChaosEngine_C++.vcxproj", "{C6D3E81A-25D9-4F61-87C7-9AA6297676F0}"
EndProject
Global
	GlobalSection(SolutionConfigurationPlatforms) = preSolution
		Debug|x64 = Debug|x64
		Debug|x86 = Debug|x86
		Release|x64 = Release|x64
		Release|x86 = Release|x86
	EndGlobalSection
	GlobalSection(ProjectConfigurationPlatforms) = postSolution
		{C6D3E81A-25D9-4F61-87C7-9AA6297676F0}.Debug|x64.ActiveCfg = Debug|x64
		{C6D3E81A-25D9-4F61-87C7-9AA6297676F0}.Debug|x64.Build.0 = Debug|x64
		{C6D3E81A-25D9-4F61-87C7-9AA6297676F0}.Debug|x86.ActiveCfg = Debug|Win32
		{C6D3E81A-25D9-4F61-87C7-9AA6297676F0}.Debug|x86.Build.0 = Debug|Win32
		{C6D3E81A-25D9-4F61-87C7-9AA6297676F0}.Release|x64.ActiveCfg = Release|x64
		{C6D3E81A-25D9-4F61-87C7-9AA6297676F0}.Release|x64.Build.0 = Release|x64
		{C6D3E81A-25D9-4F61-87C7-9AA6297676F0}.Release|x86.ActiveCfg = Release|Win32
		{C6D3E81A-25D9-4F61-87C7-9AA6297676F0}.Release|x86.Build.0 = Release|Win32
	EndGlobalSection
	GlobalSection(SolutionProperties) = preSolution
		HideSolutionNode = FALSE
	EndGlobalSection
	GlobalSection(ExtensibilityGlobals) = postSolution
		SolutionGuid = {4A70C823-67CE-4F4D-98CE-8BFF35A3B647}
	EndGlobalSection
EndGlobal
